
Microsoft Visual Studio Solution File, Format Version 12.00
# Visual Studio Version 16
VisualStudioVersion = 16.0.31025.194
MinimumVisualStudioVersion = 10.0.40219.1
Project("{9A19103F-16F7-4668-BE54-9A1E7A4F7556}") = "ADOnet", "ADOnet\ADOnet.csproj", "{617FB88C-3227-46C1-924F-D706CD0A0428}"
EndProject
Project("{FAE04EC0-301F-11D3-BF4B-00C04F79EFBC}") = "LibraryDAL", "LibraryDAL\LibraryDAL.csproj", "{DA1E806F-61B0-4FF6-8242-7EF128A57745}"
EndProject
Project("{FAE04EC0-301F-11D3-BF4B-00C04F79EFBC}") = "LibraryBLL", "LibraryBLL\LibraryBLL.csproj", "{A78B8FBF-A5E6-41AB-8D36-2EE0CFF77F8E}"
EndProject
Global
	GlobalSection(SolutionConfigurationPlatforms) = preSolution
		Debug|Any CPU = Debug|Any CPU
		Release|Any CPU = Release|Any CPU
	EndGlobalSection
	GlobalSection(ProjectConfigurationPlatforms) = postSolution
		{617FB88C-3227-46C1-924F-D706CD0A0428}.Debug|Any CPU.ActiveCfg = Debug|Any CPU
		{617FB88C-3227-46C1-924F-D706CD0A0428}.Debug|Any CPU.Build.0 = Debug|Any CPU
		{617FB88C-3227-46C1-924F-D706CD0A0428}.Release|Any CPU.ActiveCfg = Release|Any CPU
		{617FB88C-3227-46C1-924F-D706CD0A0428}.Release|Any CPU.Build.0 = Release|Any CPU
		{DA1E806F-61B0-4FF6-8242-7EF128A57745}.Debug|Any CPU.ActiveCfg = Debug|Any CPU
		{DA1E806F-61B0-4FF6-8242-7EF128A57745}.Debug|Any CPU.Build.0 = Debug|Any CPU
		{DA1E806F-61B0-4FF6-8242-7EF128A57745}.Release|Any CPU.ActiveCfg = Release|Any CPU
		{DA1E806F-61B0-4FF6-8242-7EF128A57745}.Release|Any CPU.Build.0 = Release|Any CPU
		{A78B8FBF-A5E6-41AB-8D36-2EE0CFF77F8E}.Debug|Any CPU.ActiveCfg = Debug|Any CPU
		{A78B8FBF-A5E6-41AB-8D36-2EE0CFF77F8E}.Debug|Any CPU.Build.0 = Debug|Any CPU
		{A78B8FBF-A5E6-41AB-8D36-2EE0CFF77F8E}.Release|Any CPU.ActiveCfg = Release|Any CPU
		{A78B8FBF-A5E6-41AB-8D36-2EE0CFF77F8E}.Release|Any CPU.Build.0 = Release|Any CPU
	EndGlobalSection
	GlobalSection(SolutionProperties) = preSolution
		HideSolutionNode = FALSE
	EndGlobalSection
	GlobalSection(ExtensibilityGlobals) = postSolution
		SolutionGuid = {BD7BD848-4309-4373-ADC4-B8A3B13EE9D5}
	EndGlobalSection
EndGlobal
